
Microsoft Visual Studio Solution File, Format Version 12.00
# Visual Studio Version 17
VisualStudioVersion = 17.13.35828.75 d17.13
MinimumVisualStudioVersion = 10.0.40219.1
Project("{FAE04EC0-301F-11D3-BF4B-00C04F79EFBC}") = "UyutMiniApp", "UyutMiniApp\UyutMiniApp.csproj", "{531A76D8-2A1B-4391-B47E-AB9936F3E6A5}"
EndProject
Project("{FAE04EC0-301F-11D3-BF4B-00C04F79EFBC}") = "UyutMiniApp.Domain", "UyutMiniApp.Domain\UyutMiniApp.Domain.csproj", "{423158AF-FD75-4E06-A13D-F6305395A50E}"
EndProject
Project("{FAE04EC0-301F-11D3-BF4B-00C04F79EFBC}") = "UyutMiniApp.Data", "UyutMiniApp.Data\UyutMiniApp.Data.csproj", "{D42631FE-7E49-4A23-8681-741A3BE8FD3A}"
EndProject
Project("{FAE04EC0-301F-11D3-BF4B-00C04F79EFBC}") = "UyutMiniApp.Service", "UyutMiniApp.Service\UyutMiniApp.Service.csproj", "{20DD3525-F1E4-49C5-B9B3-A424F004B254}"
EndProject
Global
	GlobalSection(SolutionConfigurationPlatforms) = preSolution
		Debug|Any CPU = Debug|Any CPU
		Release|Any CPU = Release|Any CPU
	EndGlobalSection
	GlobalSection(ProjectConfigurationPlatforms) = postSolution
		{531A76D8-2A1B-4391-B47E-AB9936F3E6A5}.Debug|Any CPU.ActiveCfg = Debug|Any CPU
		{531A76D8-2A1B-4391-B47E-AB9936F3E6A5}.Debug|Any CPU.Build.0 = Debug|Any CPU
		{531A76D8-2A1B-4391-B47E-AB9936F3E6A5}.Release|Any CPU.ActiveCfg = Release|Any CPU
		{531A76D8-2A1B-4391-B47E-AB9936F3E6A5}.Release|Any CPU.Build.0 = Release|Any CPU
		{423158AF-FD75-4E06-A13D-F6305395A50E}.Debug|Any CPU.ActiveCfg = Debug|Any CPU
		{423158AF-FD75-4E06-A13D-F6305395A50E}.Debug|Any CPU.Build.0 = Debug|Any CPU
		{423158AF-FD75-4E06-A13D-F6305395A50E}.Release|Any CPU.ActiveCfg = Release|Any CPU
		{423158AF-FD75-4E06-A13D-F6305395A50E}.Release|Any CPU.Build.0 = Release|Any CPU
		{D42631FE-7E49-4A23-8681-741A3BE8FD3A}.Debug|Any CPU.ActiveCfg = Debug|Any CPU
		{D42631FE-7E49-4A23-8681-741A3BE8FD3A}.Debug|Any CPU.Build.0 = Debug|Any CPU
		{D42631FE-7E49-4A23-8681-741A3BE8FD3A}.Release|Any CPU.ActiveCfg = Release|Any CPU
		{D42631FE-7E49-4A23-8681-741A3BE8FD3A}.Release|Any CPU.Build.0 = Release|Any CPU
		{20DD3525-F1E4-49C5-B9B3-A424F004B254}.Debug|Any CPU.ActiveCfg = Debug|Any CPU
		{20DD3525-F1E4-49C5-B9B3-A424F004B254}.Debug|Any CPU.Build.0 = Debug|Any CPU
		{20DD3525-F1E4-49C5-B9B3-A424F004B254}.Release|Any CPU.ActiveCfg = Release|Any CPU
		{20DD3525-F1E4-49C5-B9B3-A424F004B254}.Release|Any CPU.Build.0 = Release|Any CPU
	EndGlobalSection
	GlobalSection(SolutionProperties) = preSolution
		HideSolutionNode = FALSE
	EndGlobalSection
	GlobalSection(ExtensibilityGlobals) = postSolution
		SolutionGuid = {0C2A2C76-251B-47C9-9C05-E3BEB3CD6FCA}
	EndGlobalSection
EndGlobal
